
Microsoft Visual Studio Solution File, Format Version 12.00
# Visual Studio 2013
VisualStudioVersion = 12.0.31101.0
MinimumVisualStudioVersion = 10.0.40219.1
Project("{FAE04EC0-301F-11D3-BF4B-00C04F79EFBC}") = "Conflux.UI", "Conflux.UI\Conflux.UI.csproj", "{F03D8FC6-D030-490A-AD24-DBCB68410F59}"
EndProject
Project("{FAE04EC0-301F-11D3-BF4B-00C04F79EFBC}") = "Conflux.Connectivity", "Conflux.Connectivity\Conflux.Connectivity.csproj", "{E1B1CD7E-503E-43EA-ADE9-B3084EEFEB36}"
EndProject
Project("{FAE04EC0-301F-11D3-BF4B-00C04F79EFBC}") = "Conflux.Core", "Conflux.Core\Conflux.Core.csproj", "{5C39F5DC-339E-430D-A084-770674B36BFC}"
EndProject
Project("{FAE04EC0-301F-11D3-BF4B-00C04F79EFBC}") = "Conflux.Tests", "Conflux.Tests\Conflux.Tests.csproj", "{1C7B2307-C3A8-44EE-BA88-51C3D5EC9354}"
EndProject
Global
	GlobalSection(SolutionConfigurationPlatforms) = preSolution
		Debug|Any CPU = Debug|Any CPU
		Debug|ARM = Debug|ARM
		Debug|Mixed Platforms = Debug|Mixed Platforms
		Debug|x86 = Debug|x86
		Release|Any CPU = Release|Any CPU
		Release|ARM = Release|ARM
		Release|Mixed Platforms = Release|Mixed Platforms
		Release|x86 = Release|x86
	EndGlobalSection
	GlobalSection(ProjectConfigurationPlatforms) = postSolution
		{F03D8FC6-D030-490A-AD24-DBCB68410F59}.Debug|Any CPU.ActiveCfg = Debug|Any CPU
		{F03D8FC6-D030-490A-AD24-DBCB68410F59}.Debug|Any CPU.Build.0 = Debug|Any CPU
		{F03D8FC6-D030-490A-AD24-DBCB68410F59}.Debug|Any CPU.Deploy.0 = Debug|Any CPU
		{F03D8FC6-D030-490A-AD24-DBCB68410F59}.Debug|ARM.ActiveCfg = Debug|ARM
		{F03D8FC6-D030-490A-AD24-DBCB68410F59}.Debug|ARM.Build.0 = Debug|ARM
		{F03D8FC6-D030-490A-AD24-DBCB68410F59}.Debug|ARM.Deploy.0 = Debug|ARM
		{F03D8FC6-D030-490A-AD24-DBCB68410F59}.Debug|Mixed Platforms.ActiveCfg = Debug|Any CPU
		{F03D8FC6-D030-490A-AD24-DBCB68410F59}.Debug|Mixed Platforms.Build.0 = Debug|Any CPU
		{F03D8FC6-D030-490A-AD24-DBCB68410F59}.Debug|Mixed Platforms.Deploy.0 = Debug|Any CPU
		{F03D8FC6-D030-490A-AD24-DBCB68410F59}.Debug|x86.ActiveCfg = Debug|x86
		{F03D8FC6-D030-490A-AD24-DBCB68410F59}.Debug|x86.Build.0 = Debug|x86
		{F03D8FC6-D030-490A-AD24-DBCB68410F59}.Debug|x86.Deploy.0 = Debug|x86
		{F03D8FC6-D030-490A-AD24-DBCB68410F59}.Release|Any CPU.ActiveCfg = Release|Any CPU
		{F03D8FC6-D030-490A-AD24-DBCB68410F59}.Release|Any CPU.Build.0 = Release|Any CPU
		{F03D8FC6-D030-490A-AD24-DBCB68410F59}.Release|Any CPU.Deploy.0 = Release|Any CPU
		{F03D8FC6-D030-490A-AD24-DBCB68410F59}.Release|ARM.ActiveCfg = Release|ARM
		{F03D8FC6-D030-490A-AD24-DBCB68410F59}.Release|ARM.Build.0 = Release|ARM
		{F03D8FC6-D030-490A-AD24-DBCB68410F59}.Release|ARM.Deploy.0 = Release|ARM
		{F03D8FC6-D030-490A-AD24-DBCB68410F59}.Release|Mixed Platforms.ActiveCfg = Release|x86
		{F03D8FC6-D030-490A-AD24-DBCB68410F59}.Release|Mixed Platforms.Build.0 = Release|x86
		{F03D8FC6-D030-490A-AD24-DBCB68410F59}.Release|Mixed Platforms.Deploy.0 = Release|x86
		{F03D8FC6-D030-490A-AD24-DBCB68410F59}.Release|x86.ActiveCfg = Release|x86
		{F03D8FC6-D030-490A-AD24-DBCB68410F59}.Release|x86.Build.0 = Release|x86
		{F03D8FC6-D030-490A-AD24-DBCB68410F59}.Release|x86.Deploy.0 = Release|x86
		{E1B1CD7E-503E-43EA-ADE9-B3084EEFEB36}.Debug|Any CPU.ActiveCfg = Debug|Any CPU
		{E1B1CD7E-503E-43EA-ADE9-B3084EEFEB36}.Debug|Any CPU.Build.0 = Debug|Any CPU
		{E1B1CD7E-503E-43EA-ADE9-B3084EEFEB36}.Debug|ARM.ActiveCfg = Debug|ARM
		{E1B1CD7E-503E-43EA-ADE9-B3084EEFEB36}.Debug|ARM.Build.0 = Debug|ARM
		{E1B1CD7E-503E-43EA-ADE9-B3084EEFEB36}.Debug|Mixed Platforms.ActiveCfg = Debug|Any CPU
		{E1B1CD7E-503E-43EA-ADE9-B3084EEFEB36}.Debug|Mixed Platforms.Build.0 = Debug|Any CPU
		{E1B1CD7E-503E-43EA-ADE9-B3084EEFEB36}.Debug|x86.ActiveCfg = Debug|x86
		{E1B1CD7E-503E-43EA-ADE9-B3084EEFEB36}.Debug|x86.Build.0 = Debug|x86
		{E1B1CD7E-503E-43EA-ADE9-B3084EEFEB36}.Release|Any CPU.ActiveCfg = Release|Any CPU
		{E1B1CD7E-503E-43EA-ADE9-B3084EEFEB36}.Release|Any CPU.Build.0 = Release|Any CPU
		{E1B1CD7E-503E-43EA-ADE9-B3084EEFEB36}.Release|ARM.ActiveCfg = Release|ARM
		{E1B1CD7E-503E-43EA-ADE9-B3084EEFEB36}.Release|ARM.Build.0 = Release|ARM
		{E1B1CD7E-503E-43EA-ADE9-B3084EEFEB36}.Release|Mixed Platforms.ActiveCfg = Release|x86
		{E1B1CD7E-503E-43EA-ADE9-B3084EEFEB36}.Release|Mixed Platforms.Build.0 = Release|x86
		{E1B1CD7E-503E-43EA-ADE9-B3084EEFEB36}.Release|x86.ActiveCfg = Release|x86
		{E1B1CD7E-503E-43EA-ADE9-B3084EEFEB36}.Release|x86.Build.0 = Release|x86
		{5C39F5DC-339E-430D-A084-770674B36BFC}.Debug|Any CPU.ActiveCfg = Debug|Any CPU
		{5C39F5DC-339E-430D-A084-770674B36BFC}.Debug|Any CPU.Build.0 = Debug|Any CPU
		{5C39F5DC-339E-430D-A084-770674B36BFC}.Debug|ARM.ActiveCfg = Debug|ARM
		{5C39F5DC-339E-430D-A084-770674B36BFC}.Debug|ARM.Build.0 = Debug|ARM
		{5C39F5DC-339E-430D-A084-770674B36BFC}.Debug|Mixed Platforms.ActiveCfg = Debug|Any CPU
		{5C39F5DC-339E-430D-A084-770674B36BFC}.Debug|Mixed Platforms.Build.0 = Debug|Any CPU
		{5C39F5DC-339E-430D-A084-770674B36BFC}.Debug|x86.ActiveCfg = Debug|x86
		{5C39F5DC-339E-430D-A084-770674B36BFC}.Debug|x86.Build.0 = Debug|x86
		{5C39F5DC-339E-430D-A084-770674B36BFC}.Release|Any CPU.ActiveCfg = Release|Any CPU
		{5C39F5DC-339E-430D-A084-770674B36BFC}.Release|Any CPU.Build.0 = Release|Any CPU
		{5C39F5DC-339E-430D-A084-770674B36BFC}.Release|ARM.ActiveCfg = Release|ARM
		{5C39F5DC-339E-430D-A084-770674B36BFC}.Release|ARM.Build.0 = Release|ARM
		{5C39F5DC-339E-430D-A084-770674B36BFC}.Release|Mixed Platforms.ActiveCfg = Release|x86
		{5C39F5DC-339E-430D-A084-770674B36BFC}.Release|Mixed Platforms.Build.0 = Release|x86
		{5C39F5DC-339E-430D-A084-770674B36BFC}.Release|x86.ActiveCfg = Release|x86
		{5C39F5DC-339E-430D-A084-770674B36BFC}.Release|x86.Build.0 = Release|x86
		{1C7B2307-C3A8-44EE-BA88-51C3D5EC9354}.Debug|Any CPU.ActiveCfg = Debug|Any CPU
		{1C7B2307-C3A8-44EE-BA88-51C3D5EC9354}.Debug|Any CPU.Build.0 = Debug|Any CPU
		{1C7B2307-C3A8-44EE-BA88-51C3D5EC9354}.Debug|ARM.ActiveCfg = Debug|Any CPU
		{1C7B2307-C3A8-44EE-BA88-51C3D5EC9354}.Debug|Mixed Platforms.ActiveCfg = Debug|Any CPU
		{1C7B2307-C3A8-44EE-BA88-51C3D5EC9354}.Debug|Mixed Platforms.Build.0 = Debug|Any CPU
		{1C7B2307-C3A8-44EE-BA88-51C3D5EC9354}.Debug|x86.ActiveCfg = Debug|Any CPU
		{1C7B2307-C3A8-44EE-BA88-51C3D5EC9354}.Release|Any CPU.ActiveCfg = Release|Any CPU
		{1C7B2307-C3A8-44EE-BA88-51C3D5EC9354}.Release|Any CPU.Build.0 = Release|Any CPU
		{1C7B2307-C3A8-44EE-BA88-51C3D5EC9354}.Release|ARM.ActiveCfg = Release|Any CPU
		{1C7B2307-C3A8-44EE-BA88-51C3D5EC9354}.Release|Mixed Platforms.ActiveCfg = Release|Any CPU
		{1C7B2307-C3A8-44EE-BA88-51C3D5EC9354}.Release|Mixed Platforms.Build.0 = Release|Any CPU
		{1C7B2307-C3A8-44EE-BA88-51C3D5EC9354}.Release|x86.ActiveCfg = Release|Any CPU
	EndGlobalSection
	GlobalSection(SolutionProperties) = preSolution
		HideSolutionNode = FALSE
	EndGlobalSection
EndGlobal
